
Microsoft Visual Studio Solution File, Format Version 12.00
# Visual Studio Version 16
VisualStudioVersion = 16.0.36631.11
MinimumVisualStudioVersion = 10.0.40219.1
Project("{FAE04EC0-301F-11D3-BF4B-00C04F79EFBC}") = "FinanceTracker", "FinanceTracker\FinanceTracker.csproj", "{FE617D17-19F7-45C1-BA6B-31C6979A159F}"
EndProject
Global
	GlobalSection(SolutionConfigurationPlatforms) = preSolution
		Debug|Any CPU = Debug|Any CPU
		Release|Any CPU = Release|Any CPU
	EndGlobalSection
	GlobalSection(ProjectConfigurationPlatforms) = postSolution
		{FE617D17-19F7-45C1-BA6B-31C6979A159F}.Debug|Any CPU.ActiveCfg = Debug|Any CPU
		{FE617D17-19F7-45C1-BA6B-31C6979A159F}.Debug|Any CPU.Build.0 = Debug|Any CPU
		{FE617D17-19F7-45C1-BA6B-31C6979A159F}.Release|Any CPU.ActiveCfg = Release|Any CPU
		{FE617D17-19F7-45C1-BA6B-31C6979A159F}.Release|Any CPU.Build.0 = Release|Any CPU
	EndGlobalSection
	GlobalSection(SolutionProperties) = preSolution
		HideSolutionNode = FALSE
	EndGlobalSection
	GlobalSection(ExtensibilityGlobals) = postSolution
		SolutionGuid = {7CF3B0CD-FD0D-4F36-B14B-8D9DE1F7A6FC}
	EndGlobalSection
EndGlobal
